
Microsoft Visual Studio Solution File, Format Version 12.00
# Visual Studio 15
VisualStudioVersion = 15.0.26228.9
MinimumVisualStudioVersion = 10.0.40219.1
Project("{FAE04EC0-301F-11D3-BF4B-00C04F79EFBC}") = "OOP_Overview", "OOP\OOP_Overview.csproj", "{A28752A6-B372-4C16-8D3D-8C70FCD46701}"
EndProject
Project("{FAE04EC0-301F-11D3-BF4B-00C04F79EFBC}") = "ProgrammingGuide", "ProgrammingGuide\ProgrammingGuide.csproj", "{BD45C2A8-37CD-4125-A72E-B561B74A7F79}"
EndProject
Project("{2150E333-8FDC-42A3-9474-1A3956D46DE8}") = "Creational", "Creational", "{B95D0095-5B74-4157-820B-38E5AE79D858}"
EndProject
Project("{FAE04EC0-301F-11D3-BF4B-00C04F79EFBC}") = "FactoryMethod", "FactoryPattern\FactoryMethod.csproj", "{CA71D152-EE26-4D65-A1BF-6CB9DF0F0A3D}"
EndProject
Project("{FAE04EC0-301F-11D3-BF4B-00C04F79EFBC}") = "AbstractFactory", "AbstractFactoryPattern\AbstractFactory.csproj", "{B73E6B14-2C98-400C-93A0-F089006154A4}"
EndProject
Project("{FAE04EC0-301F-11D3-BF4B-00C04F79EFBC}") = "Builder", "BuilderPattern\Builder.csproj", "{32FC4BC8-B178-461C-A282-146974388A1D}"
EndProject
Project("{FAE04EC0-301F-11D3-BF4B-00C04F79EFBC}") = "Prototype", "PrototypePattern\Prototype.csproj", "{EB54372B-E7E8-46F2-B3A9-1345E21F0452}"
EndProject
Project("{FAE04EC0-301F-11D3-BF4B-00C04F79EFBC}") = "Singleton", "SingletonPattern\Singleton.csproj", "{278D2863-60C7-46D0-A08B-B07D683E0EBA}"
EndProject
Project("{2150E333-8FDC-42A3-9474-1A3956D46DE8}") = "Structural", "Structural", "{69FB8C58-2F6B-47FC-961D-B3390A85E8E4}"
EndProject
Project("{2150E333-8FDC-42A3-9474-1A3956D46DE8}") = "Behavioral", "Behavioral", "{47D2D4AC-569F-4EB6-A277-991EA18D5168}"
EndProject
Project("{FAE04EC0-301F-11D3-BF4B-00C04F79EFBC}") = "Adapter", "Adapter\Adapter.csproj", "{0A645AE4-0122-425F-AED0-3BF0080CB0E6}"
EndProject
Project("{FAE04EC0-301F-11D3-BF4B-00C04F79EFBC}") = "Bridge", "Bride\Bridge.csproj", "{303D7569-748A-4DE5-9736-12F626510A87}"
EndProject
Project("{FAE04EC0-301F-11D3-BF4B-00C04F79EFBC}") = "Decorator", "Decorator\Decorator.csproj", "{4EA5040D-A414-4635-A32A-871C5C9B0A9B}"
EndProject
Project("{FAE04EC0-301F-11D3-BF4B-00C04F79EFBC}") = "Composite", "Composite\Composite.csproj", "{697CD99A-D0C2-4B50-A108-34E9957F612F}"
EndProject
Project("{FAE04EC0-301F-11D3-BF4B-00C04F79EFBC}") = "Facade", "Facade\Facade.csproj", "{0121B70D-80CD-4EE6-B0DA-88745394FE77}"
EndProject
Project("{FAE04EC0-301F-11D3-BF4B-00C04F79EFBC}") = "Flyweight", "Flyweight\Flyweight.csproj", "{7065AE3F-4B47-4B23-A8E8-0B8AA5A10858}"
EndProject
Project("{FAE04EC0-301F-11D3-BF4B-00C04F79EFBC}") = "Proxy", "Proxy\Proxy.csproj", "{10ADD9A0-C90E-40CF-BE63-16FFEABB3017}"
EndProject
Project("{FAE04EC0-301F-11D3-BF4B-00C04F79EFBC}") = "ChainsOfResp", "ChainsOfResp\ChainsOfResp.csproj", "{5A74DDB4-CF7B-45C7-B1A0-9B8F58440A92}"
EndProject
Project("{FAE04EC0-301F-11D3-BF4B-00C04F79EFBC}") = "Command", "Command\Command.csproj", "{F371E64B-50B1-4C0D-B72C-A23515CD5E1A}"
EndProject
Project("{FAE04EC0-301F-11D3-BF4B-00C04F79EFBC}") = "Interpreter", "Interpreter\Interpreter.csproj", "{6D042AB8-E856-4253-B946-A0A1C5E29ABE}"
EndProject
Project("{FAE04EC0-301F-11D3-BF4B-00C04F79EFBC}") = "Iterator", "Iterator\Iterator.csproj", "{FC86308D-9BCD-4CE0-833C-909288458614}"
EndProject
Project("{FAE04EC0-301F-11D3-BF4B-00C04F79EFBC}") = "Mediator", "Mediator\Mediator.csproj", "{CCFA7349-8690-4BF1-8B5D-DC8A8E093A19}"
EndProject
Project("{FAE04EC0-301F-11D3-BF4B-00C04F79EFBC}") = "Memento", "Memento\Memento.csproj", "{3C6C2ACF-4B87-42EC-91D3-1FC59F719708}"
EndProject
Project("{FAE04EC0-301F-11D3-BF4B-00C04F79EFBC}") = "Observer", "Observer\Observer.csproj", "{6E607E5B-6141-40C9-8194-294357CB7387}"
EndProject
Project("{FAE04EC0-301F-11D3-BF4B-00C04F79EFBC}") = "State", "State\State.csproj", "{9E55A586-F274-4DFE-B280-B7FBB066DE69}"
EndProject
Project("{FAE04EC0-301F-11D3-BF4B-00C04F79EFBC}") = "Strategy", "Strategy\Strategy.csproj", "{D5467067-D347-4BC2-B9C3-853FDC63852C}"
EndProject
Project("{FAE04EC0-301F-11D3-BF4B-00C04F79EFBC}") = "TemplateMethod", "TemplateMethod\TemplateMethod.csproj", "{70006D33-05B4-48B9-8951-DBDD2430D204}"
EndProject
Project("{FAE04EC0-301F-11D3-BF4B-00C04F79EFBC}") = "Visitor", "Visitor\Visitor.csproj", "{8C7FA445-C7BA-4376-8F23-6EEE37A6164F}"
EndProject
Global
	GlobalSection(SolutionConfigurationPlatforms) = preSolution
		Debug|Any CPU = Debug|Any CPU
		Release|Any CPU = Release|Any CPU
	EndGlobalSection
	GlobalSection(ProjectConfigurationPlatforms) = postSolution
		{A28752A6-B372-4C16-8D3D-8C70FCD46701}.Debug|Any CPU.ActiveCfg = Debug|Any CPU
		{A28752A6-B372-4C16-8D3D-8C70FCD46701}.Debug|Any CPU.Build.0 = Debug|Any CPU
		{A28752A6-B372-4C16-8D3D-8C70FCD46701}.Release|Any CPU.ActiveCfg = Release|Any CPU
		{A28752A6-B372-4C16-8D3D-8C70FCD46701}.Release|Any CPU.Build.0 = Release|Any CPU
		{BD45C2A8-37CD-4125-A72E-B561B74A7F79}.Debug|Any CPU.ActiveCfg = Debug|Any CPU
		{BD45C2A8-37CD-4125-A72E-B561B74A7F79}.Debug|Any CPU.Build.0 = Debug|Any CPU
		{BD45C2A8-37CD-4125-A72E-B561B74A7F79}.Release|Any CPU.ActiveCfg = Release|Any CPU
		{BD45C2A8-37CD-4125-A72E-B561B74A7F79}.Release|Any CPU.Build.0 = Release|Any CPU
		{CA71D152-EE26-4D65-A1BF-6CB9DF0F0A3D}.Debug|Any CPU.ActiveCfg = Debug|Any CPU
		{CA71D152-EE26-4D65-A1BF-6CB9DF0F0A3D}.Debug|Any CPU.Build.0 = Debug|Any CPU
		{CA71D152-EE26-4D65-A1BF-6CB9DF0F0A3D}.Release|Any CPU.ActiveCfg = Release|Any CPU
		{CA71D152-EE26-4D65-A1BF-6CB9DF0F0A3D}.Release|Any CPU.Build.0 = Release|Any CPU
		{B73E6B14-2C98-400C-93A0-F089006154A4}.Debug|Any CPU.ActiveCfg = Debug|Any CPU
		{B73E6B14-2C98-400C-93A0-F089006154A4}.Debug|Any CPU.Build.0 = Debug|Any CPU
		{B73E6B14-2C98-400C-93A0-F089006154A4}.Release|Any CPU.ActiveCfg = Release|Any CPU
		{B73E6B14-2C98-400C-93A0-F089006154A4}.Release|Any CPU.Build.0 = Release|Any CPU
		{32FC4BC8-B178-461C-A282-146974388A1D}.Debug|Any CPU.ActiveCfg = Debug|Any CPU
		{32FC4BC8-B178-461C-A282-146974388A1D}.Debug|Any CPU.Build.0 = Debug|Any CPU
		{32FC4BC8-B178-461C-A282-146974388A1D}.Release|Any CPU.ActiveCfg = Release|Any CPU
		{32FC4BC8-B178-461C-A282-146974388A1D}.Release|Any CPU.Build.0 = Release|Any CPU
		{EB54372B-E7E8-46F2-B3A9-1345E21F0452}.Debug|Any CPU.ActiveCfg = Debug|Any CPU
		{EB54372B-E7E8-46F2-B3A9-1345E21F0452}.Debug|Any CPU.Build.0 = Debug|Any CPU
		{EB54372B-E7E8-46F2-B3A9-1345E21F0452}.Release|Any CPU.ActiveCfg = Release|Any CPU
		{EB54372B-E7E8-46F2-B3A9-1345E21F0452}.Release|Any CPU.Build.0 = Release|Any CPU
		{278D2863-60C7-46D0-A08B-B07D683E0EBA}.Debug|Any CPU.ActiveCfg = Debug|Any CPU
		{278D2863-60C7-46D0-A08B-B07D683E0EBA}.Debug|Any CPU.Build.0 = Debug|Any CPU
		{278D2863-60C7-46D0-A08B-B07D683E0EBA}.Release|Any CPU.ActiveCfg = Release|Any CPU
		{278D2863-60C7-46D0-A08B-B07D683E0EBA}.Release|Any CPU.Build.0 = Release|Any CPU
		{0A645AE4-0122-425F-AED0-3BF0080CB0E6}.Debug|Any CPU.ActiveCfg = Debug|Any CPU
		{0A645AE4-0122-425F-AED0-3BF0080CB0E6}.Debug|Any CPU.Build.0 = Debug|Any CPU
		{0A645AE4-0122-425F-AED0-3BF0080CB0E6}.Release|Any CPU.ActiveCfg = Release|Any CPU
		{0A645AE4-0122-425F-AED0-3BF0080CB0E6}.Release|Any CPU.Build.0 = Release|Any CPU
		{303D7569-748A-4DE5-9736-12F626510A87}.Debug|Any CPU.ActiveCfg = Debug|Any CPU
		{303D7569-748A-4DE5-9736-12F626510A87}.Debug|Any CPU.Build.0 = Debug|Any CPU
		{303D7569-748A-4DE5-9736-12F626510A87}.Release|Any CPU.ActiveCfg = Release|Any CPU
		{303D7569-748A-4DE5-9736-12F626510A87}.Release|Any CPU.Build.0 = Release|Any CPU
		{4EA5040D-A414-4635-A32A-871C5C9B0A9B}.Debug|Any CPU.ActiveCfg = Debug|Any CPU
		{4EA5040D-A414-4635-A32A-871C5C9B0A9B}.Debug|Any CPU.Build.0 = Debug|Any CPU
		{4EA5040D-A414-4635-A32A-871C5C9B0A9B}.Release|Any CPU.ActiveCfg = Release|Any CPU
		{4EA5040D-A414-4635-A32A-871C5C9B0A9B}.Release|Any CPU.Build.0 = Release|Any CPU
		{697CD99A-D0C2-4B50-A108-34E9957F612F}.Debug|Any CPU.ActiveCfg = Debug|Any CPU
		{697CD99A-D0C2-4B50-A108-34E9957F612F}.Debug|Any CPU.Build.0 = Debug|Any CPU
		{697CD99A-D0C2-4B50-A108-34E9957F612F}.Release|Any CPU.ActiveCfg = Release|Any CPU
		{697CD99A-D0C2-4B50-A108-34E9957F612F}.Release|Any CPU.Build.0 = Release|Any CPU
		{0121B70D-80CD-4EE6-B0DA-88745394FE77}.Debug|Any CPU.ActiveCfg = Debug|Any CPU
		{0121B70D-80CD-4EE6-B0DA-88745394FE77}.Debug|Any CPU.Build.0 = Debug|Any CPU
		{0121B70D-80CD-4EE6-B0DA-88745394FE77}.Release|Any CPU.ActiveCfg = Release|Any CPU
		{0121B70D-80CD-4EE6-B0DA-88745394FE77}.Release|Any CPU.Build.0 = Release|Any CPU
		{7065AE3F-4B47-4B23-A8E8-0B8AA5A10858}.Debug|Any CPU.ActiveCfg = Debug|Any CPU
		{7065AE3F-4B47-4B23-A8E8-0B8AA5A10858}.Debug|Any CPU.Build.0 = Debug|Any CPU
		{7065AE3F-4B47-4B23-A8E8-0B8AA5A10858}.Release|Any CPU.ActiveCfg = Release|Any CPU
		{7065AE3F-4B47-4B23-A8E8-0B8AA5A10858}.Release|Any CPU.Build.0 = Release|Any CPU
		{10ADD9A0-C90E-40CF-BE63-16FFEABB3017}.Debug|Any CPU.ActiveCfg = Debug|Any CPU
		{10ADD9A0-C90E-40CF-BE63-16FFEABB3017}.Debug|Any CPU.Build.0 = Debug|Any CPU
		{10ADD9A0-C90E-40CF-BE63-16FFEABB3017}.Release|Any CPU.ActiveCfg = Release|Any CPU
		{10ADD9A0-C90E-40CF-BE63-16FFEABB3017}.Release|Any CPU.Build.0 = Release|Any CPU
		{5A74DDB4-CF7B-45C7-B1A0-9B8F58440A92}.Debug|Any CPU.ActiveCfg = Debug|Any CPU
		{5A74DDB4-CF7B-45C7-B1A0-9B8F58440A92}.Debug|Any CPU.Build.0 = Debug|Any CPU
		{5A74DDB4-CF7B-45C7-B1A0-9B8F58440A92}.Release|Any CPU.ActiveCfg = Release|Any CPU
		{5A74DDB4-CF7B-45C7-B1A0-9B8F58440A92}.Release|Any CPU.Build.0 = Release|Any CPU
		{F371E64B-50B1-4C0D-B72C-A23515CD5E1A}.Debug|Any CPU.ActiveCfg = Debug|Any CPU
		{F371E64B-50B1-4C0D-B72C-A23515CD5E1A}.Debug|Any CPU.Build.0 = Debug|Any CPU
		{F371E64B-50B1-4C0D-B72C-A23515CD5E1A}.Release|Any CPU.ActiveCfg = Release|Any CPU
		{F371E64B-50B1-4C0D-B72C-A23515CD5E1A}.Release|Any CPU.Build.0 = Release|Any CPU
		{6D042AB8-E856-4253-B946-A0A1C5E29ABE}.Debug|Any CPU.ActiveCfg = Debug|Any CPU
		{6D042AB8-E856-4253-B946-A0A1C5E29ABE}.Debug|Any CPU.Build.0 = Debug|Any CPU
		{6D042AB8-E856-4253-B946-A0A1C5E29ABE}.Release|Any CPU.ActiveCfg = Release|Any CPU
		{6D042AB8-E856-4253-B946-A0A1C5E29ABE}.Release|Any CPU.Build.0 = Release|Any CPU
		{FC86308D-9BCD-4CE0-833C-909288458614}.Debug|Any CPU.ActiveCfg = Debug|Any CPU
		{FC86308D-9BCD-4CE0-833C-909288458614}.Debug|Any CPU.Build.0 = Debug|Any CPU
		{FC86308D-9BCD-4CE0-833C-909288458614}.Release|Any CPU.ActiveCfg = Release|Any CPU
		{FC86308D-9BCD-4CE0-833C-909288458614}.Release|Any CPU.Build.0 = Release|Any CPU
		{CCFA7349-8690-4BF1-8B5D-DC8A8E093A19}.Debug|Any CPU.ActiveCfg = Debug|Any CPU
		{CCFA7349-8690-4BF1-8B5D-DC8A8E093A19}.Debug|Any CPU.Build.0 = Debug|Any CPU
		{CCFA7349-8690-4BF1-8B5D-DC8A8E093A19}.Release|Any CPU.ActiveCfg = Release|Any CPU
		{CCFA7349-8690-4BF1-8B5D-DC8A8E093A19}.Release|Any CPU.Build.0 = Release|Any CPU
		{3C6C2ACF-4B87-42EC-91D3-1FC59F719708}.Debug|Any CPU.ActiveCfg = Debug|Any CPU
		{3C6C2ACF-4B87-42EC-91D3-1FC59F719708}.Debug|Any CPU.Build.0 = Debug|Any CPU
		{3C6C2ACF-4B87-42EC-91D3-1FC59F719708}.Release|Any CPU.ActiveCfg = Release|Any CPU
		{3C6C2ACF-4B87-42EC-91D3-1FC59F719708}.Release|Any CPU.Build.0 = Release|Any CPU
		{6E607E5B-6141-40C9-8194-294357CB7387}.Debug|Any CPU.ActiveCfg = Debug|Any CPU
		{6E607E5B-6141-40C9-8194-294357CB7387}.Debug|Any CPU.Build.0 = Debug|Any CPU
		{6E607E5B-6141-40C9-8194-294357CB7387}.Release|Any CPU.ActiveCfg = Release|Any CPU
		{6E607E5B-6141-40C9-8194-294357CB7387}.Release|Any CPU.Build.0 = Release|Any CPU
		{9E55A586-F274-4DFE-B280-B7FBB066DE69}.Debug|Any CPU.ActiveCfg = Debug|Any CPU
		{9E55A586-F274-4DFE-B280-B7FBB066DE69}.Debug|Any CPU.Build.0 = Debug|Any CPU
		{9E55A586-F274-4DFE-B280-B7FBB066DE69}.Release|Any CPU.ActiveCfg = Release|Any CPU
		{9E55A586-F274-4DFE-B280-B7FBB066DE69}.Release|Any CPU.Build.0 = Release|Any CPU
		{D5467067-D347-4BC2-B9C3-853FDC63852C}.Debug|Any CPU.ActiveCfg = Debug|Any CPU
		{D5467067-D347-4BC2-B9C3-853FDC63852C}.Debug|Any CPU.Build.0 = Debug|Any CPU
		{D5467067-D347-4BC2-B9C3-853FDC63852C}.Release|Any CPU.ActiveCfg = Release|Any CPU
		{D5467067-D347-4BC2-B9C3-853FDC63852C}.Release|Any CPU.Build.0 = Release|Any CPU
		{70006D33-05B4-48B9-8951-DBDD2430D204}.Debug|Any CPU.ActiveCfg = Debug|Any CPU
		{70006D33-05B4-48B9-8951-DBDD2430D204}.Debug|Any CPU.Build.0 = Debug|Any CPU
		{70006D33-05B4-48B9-8951-DBDD2430D204}.Release|Any CPU.ActiveCfg = Release|Any CPU
		{70006D33-05B4-48B9-8951-DBDD2430D204}.Release|Any CPU.Build.0 = Release|Any CPU
		{8C7FA445-C7BA-4376-8F23-6EEE37A6164F}.Debug|Any CPU.ActiveCfg = Debug|Any CPU
		{8C7FA445-C7BA-4376-8F23-6EEE37A6164F}.Debug|Any CPU.Build.0 = Debug|Any CPU
		{8C7FA445-C7BA-4376-8F23-6EEE37A6164F}.Release|Any CPU.ActiveCfg = Release|Any CPU
		{8C7FA445-C7BA-4376-8F23-6EEE37A6164F}.Release|Any CPU.Build.0 = Release|Any CPU
	EndGlobalSection
	GlobalSection(SolutionProperties) = preSolution
		HideSolutionNode = FALSE
	EndGlobalSection
	GlobalSection(NestedProjects) = preSolution
		{CA71D152-EE26-4D65-A1BF-6CB9DF0F0A3D} = {B95D0095-5B74-4157-820B-38E5AE79D858}
		{B73E6B14-2C98-400C-93A0-F089006154A4} = {B95D0095-5B74-4157-820B-38E5AE79D858}
		{32FC4BC8-B178-461C-A282-146974388A1D} = {B95D0095-5B74-4157-820B-38E5AE79D858}
		{EB54372B-E7E8-46F2-B3A9-1345E21F0452} = {B95D0095-5B74-4157-820B-38E5AE79D858}
		{278D2863-60C7-46D0-A08B-B07D683E0EBA} = {B95D0095-5B74-4157-820B-38E5AE79D858}
		{0A645AE4-0122-425F-AED0-3BF0080CB0E6} = {69FB8C58-2F6B-47FC-961D-B3390A85E8E4}
		{303D7569-748A-4DE5-9736-12F626510A87} = {69FB8C58-2F6B-47FC-961D-B3390A85E8E4}
		{4EA5040D-A414-4635-A32A-871C5C9B0A9B} = {69FB8C58-2F6B-47FC-961D-B3390A85E8E4}
		{697CD99A-D0C2-4B50-A108-34E9957F612F} = {69FB8C58-2F6B-47FC-961D-B3390A85E8E4}
		{0121B70D-80CD-4EE6-B0DA-88745394FE77} = {69FB8C58-2F6B-47FC-961D-B3390A85E8E4}
		{7065AE3F-4B47-4B23-A8E8-0B8AA5A10858} = {69FB8C58-2F6B-47FC-961D-B3390A85E8E4}
		{10ADD9A0-C90E-40CF-BE63-16FFEABB3017} = {69FB8C58-2F6B-47FC-961D-B3390A85E8E4}
		{5A74DDB4-CF7B-45C7-B1A0-9B8F58440A92} = {47D2D4AC-569F-4EB6-A277-991EA18D5168}
		{F371E64B-50B1-4C0D-B72C-A23515CD5E1A} = {47D2D4AC-569F-4EB6-A277-991EA18D5168}
		{6D042AB8-E856-4253-B946-A0A1C5E29ABE} = {47D2D4AC-569F-4EB6-A277-991EA18D5168}
		{FC86308D-9BCD-4CE0-833C-909288458614} = {47D2D4AC-569F-4EB6-A277-991EA18D5168}
		{CCFA7349-8690-4BF1-8B5D-DC8A8E093A19} = {47D2D4AC-569F-4EB6-A277-991EA18D5168}
		{3C6C2ACF-4B87-42EC-91D3-1FC59F719708} = {47D2D4AC-569F-4EB6-A277-991EA18D5168}
		{6E607E5B-6141-40C9-8194-294357CB7387} = {47D2D4AC-569F-4EB6-A277-991EA18D5168}
		{9E55A586-F274-4DFE-B280-B7FBB066DE69} = {47D2D4AC-569F-4EB6-A277-991EA18D5168}
		{D5467067-D347-4BC2-B9C3-853FDC63852C} = {47D2D4AC-569F-4EB6-A277-991EA18D5168}
		{70006D33-05B4-48B9-8951-DBDD2430D204} = {47D2D4AC-569F-4EB6-A277-991EA18D5168}
		{8C7FA445-C7BA-4376-8F23-6EEE37A6164F} = {47D2D4AC-569F-4EB6-A277-991EA18D5168}
	EndGlobalSection
EndGlobal
